<?xml version="1.0" encoding="utf-8"?>
<Project ToolsVersion="4.0" xmlns="http://schemas.microsoft.com/developer/msbuild/2003">
  <ItemGroup>
    <Filter Include="Source Files">
      <UniqueIdentifier>{4FC737F1-C7A5-4376-A066-2A32D752A2FF}</UniqueIdentifier>
      <Extensions>cpp;c;cc;cxx;def;odl;idl;hpj;bat;asm;asmx</Extensions>
    </Filter>
    <Filter Include="Header Files">
      <UniqueIdentifier>{93995380-89BD-4b04-88EB-625FBE52EBFB}</UniqueIdentifier>
      <Extensions>h;hpp;hxx;hm;inl;inc;xsd</Extensions>
    </Filter>
    <Filter Include="Resource Files">
      <UniqueIdentifier>{67DA6AB6-F800-4c08-8B7A-83BB121AAD01}</UniqueIdentifier>
      <Extensions>rc;ico;cur;bmp;dlg;rc2;rct;bin;rgs;gif;jpg;jpeg;jpe;resx;tiff;tif;png;wav;mfcribbon-ms</Extensions>
    </Filter>
  </ItemGroup>
  <ItemGroup>
    <None Include="batchdata.txt" />
    <None Include="batchjobs.txt" />
    <None Include="Cashier.wav">
      <Filter>Resource Files</Filter>
    </None>
    <None Include="cashierPassword.txt" />
    <None Include="log.txt" />
    <None Include="Manager.wav">
      <Filter>Resource Files</Filter>
    </None>
    <None Include="Mario-sms.wav">
      <Filter>Resource Files</Filter>
    </None>
    <None Include="Marketing.wav">
      <Filter>Resource Files</Filter>
    </None>
    <None Include="marketingPassword.txt" />
    <None Include="password.txt" />
    <None Include="recycle.wav">
      <Filter>Resource Files</Filter>
    </None>
    <None Include="sell.wav">
      <Filter>Resource Files</Filter>
    </None>
    <None Include="stockPassword.txt" />
    <None Include="Stocks.wav">
      <Filter>Resource Files</Filter>
    </None>
    <None Include="Windows Exclamation.wav">
      <Filter>Resource Files</Filter>
    </None>
    <None Include="Windows XP Shutdown.wav">
      <Filter>Resource Files</Filter>
    </None>
  </ItemGroup>
  <ItemGroup>
    <ClCompile Include="BatchProcessing.cpp">
      <Filter>Source Files</Filter>
    </ClCompile>
    <ClCompile Include="Database.cpp">
      <Filter>Source Files</Filter>
    </ClCompile>
    <ClCompile Include="Interface.cpp">
      <Filter>Source Files</Filter>
    </ClCompile>
    <ClCompile Include="Job.cpp">
      <Filter>Source Files</Filter>
    </ClCompile>
    <ClCompile Include="main.cpp">
      <Filter>Source Files</Filter>
    </ClCompile>
    <ClCompile Include="Operations.cpp">
      <Filter>Source Files</Filter>
    </ClCompile>
    <ClCompile Include="PerishableFood.cpp">
      <Filter>Source Files</Filter>
    </ClCompile>
    <ClCompile Include="Product.cpp">
      <Filter>Source Files</Filter>
    </ClCompile>
    <ClCompile Include="SecurityInterface.cpp">
      <Filter>Source Files</Filter>
    </ClCompile>
    <ClCompile Include="Statistics.cpp">
      <Filter>Source Files</Filter>
    </ClCompile>
  </ItemGroup>
  <ItemGroup>
    <ClInclude Include="BatchProcessing.h">
      <Filter>Header Files</Filter>
    </ClInclude>
    <ClInclude Include="CDLinked.h">
      <Filter>Header Files</Filter>
    </ClInclude>
    <ClInclude Include="Database.h">
      <Filter>Header Files</Filter>
    </ClInclude>
    <ClInclude Include="DynamicArr.h">
      <Filter>Header Files</Filter>
    </ClInclude>
    <ClInclude Include="Interface.h">
      <Filter>Header Files</Filter>
    </ClInclude>
    <ClInclude Include="Job.h">
      <Filter>Header Files</Filter>
    </ClInclude>
    <ClInclude Include="ListBase.h">
      <Filter>Header Files</Filter>
    </ClInclude>
    <ClInclude Include="Operations.h">
      <Filter>Header Files</Filter>
    </ClInclude>
    <ClInclude Include="PerishableFood.h">
      <Filter>Header Files</Filter>
    </ClInclude>
    <ClInclude Include="Product.h">
      <Filter>Header Files</Filter>
    </ClInclude>
    <ClInclude Include="queue.h">
      <Filter>Header Files</Filter>
    </ClInclude>
    <ClInclude Include="SecurityInterface.h">
      <Filter>Header Files</Filter>
    </ClInclude>
    <ClInclude Include="SortedLL.h">
      <Filter>Header Files</Filter>
    </ClInclude>
    <ClInclude Include="stack.h">
      <Filter>Header Files</Filter>
    </ClInclude>
    <ClInclude Include="Statistics.h">
      <Filter>Header Files</Filter>
    </ClInclude>
    <ClInclude Include="VectorList.h">
      <Filter>Header Files</Filter>
    </ClInclude>
  </ItemGroup>
</Project>